
Microsoft Visual Studio Solution File, Format Version 12.00
# Visual Studio Version 16
VisualStudioVersion = 16.0.30204.135
MinimumVisualStudioVersion = 10.0.40219.1
Project("{9A19103F-16F7-4668-BE54-9A1E7A4F7556}") = "BlogApp", "BlogApp\BlogApp.csproj", "{8D22B563-B96A-4E6F-99DD-23F9FB9DF06A}"
EndProject
Project("{9A19103F-16F7-4668-BE54-9A1E7A4F7556}") = "BlogApp.Core", "BlogApp.Core\BlogApp.Core.csproj", "{3DD0DA1E-2220-44ED-A78C-08CDC9009B8A}"
EndProject
Project("{9A19103F-16F7-4668-BE54-9A1E7A4F7556}") = "BlogApp.Data", "BlogApp.Data\BlogApp.Data.csproj", "{436CCE41-2F46-4E63-851D-E590C1CC018F}"
EndProject
Global
	GlobalSection(SolutionConfigurationPlatforms) = preSolution
		Debug|Any CPU = Debug|Any CPU
		Release|Any CPU = Release|Any CPU
	EndGlobalSection
	GlobalSection(ProjectConfigurationPlatforms) = postSolution
		{8D22B563-B96A-4E6F-99DD-23F9FB9DF06A}.Debug|Any CPU.ActiveCfg = Debug|Any CPU
		{8D22B563-B96A-4E6F-99DD-23F9FB9DF06A}.Debug|Any CPU.Build.0 = Debug|Any CPU
		{8D22B563-B96A-4E6F-99DD-23F9FB9DF06A}.Release|Any CPU.ActiveCfg = Release|Any CPU
		{8D22B563-B96A-4E6F-99DD-23F9FB9DF06A}.Release|Any CPU.Build.0 = Release|Any CPU
		{3DD0DA1E-2220-44ED-A78C-08CDC9009B8A}.Debug|Any CPU.ActiveCfg = Debug|Any CPU
		{3DD0DA1E-2220-44ED-A78C-08CDC9009B8A}.Debug|Any CPU.Build.0 = Debug|Any CPU
		{3DD0DA1E-2220-44ED-A78C-08CDC9009B8A}.Release|Any CPU.ActiveCfg = Release|Any CPU
		{3DD0DA1E-2220-44ED-A78C-08CDC9009B8A}.Release|Any CPU.Build.0 = Release|Any CPU
		{436CCE41-2F46-4E63-851D-E590C1CC018F}.Debug|Any CPU.ActiveCfg = Debug|Any CPU
		{436CCE41-2F46-4E63-851D-E590C1CC018F}.Debug|Any CPU.Build.0 = Debug|Any CPU
		{436CCE41-2F46-4E63-851D-E590C1CC018F}.Release|Any CPU.ActiveCfg = Release|Any CPU
		{436CCE41-2F46-4E63-851D-E590C1CC018F}.Release|Any CPU.Build.0 = Release|Any CPU
	EndGlobalSection
	GlobalSection(SolutionProperties) = preSolution
		HideSolutionNode = FALSE
	EndGlobalSection
	GlobalSection(ExtensibilityGlobals) = postSolution
		SolutionGuid = {803DA220-6D98-4DEF-92E5-67863116FE79}
	EndGlobalSection
EndGlobal
